{
  "nodes": {
    "declarative-cachix": {
      "locked": {
        "lastModified": 1670437766,
        "narHash": "sha256-OINAikZrqLN0MsTAP4tNHoezXjIOZ/tkbu/C/KCEgmU=",
        "owner": "jonascarpay",
        "repo": "declarative-cachix",
        "rev": "abe4d70e5d9a225a7ecf98086b089cc04202f2e3",
        "type": "github"
      },
      "original": {
        "owner": "jonascarpay",
        "repo": "declarative-cachix",
        "type": "github"
      }
    },
    "flake-compat": {
      "flake": false,
      "locked": {
        "lastModified": 1673956053,
        "narHash": "sha256-4gtG9iQuiKITOjNQQeQIpoIB6b16fm+504Ch3sNKLd8=",
        "owner": "edolstra",
        "repo": "flake-compat",
        "rev": "35bb57c0c8d8b62bbfd284272c928ceb64ddbde9",
        "type": "github"
      },
      "original": {
        "owner": "edolstra",
        "repo": "flake-compat",
        "type": "github"
      }
    },
    "flake-utils": {
      "inputs": {
        "systems": "systems"
      },
      "locked": {
        "lastModified": 1689068808,
        "narHash": "sha256-6ixXo3wt24N/melDWjq70UuHQLxGV8jZvooRanIHXw0=",
        "owner": "numtide",
        "repo": "flake-utils",
        "rev": "919d646de7be200f3bf08cb76ae1f09402b6f9b4",
        "type": "github"
      },
      "original": {
        "owner": "numtide",
        "repo": "flake-utils",
        "type": "github"
      }
    },
    "grub2-themes": {
      "inputs": {
        "nixpkgs": [
          "nixpkgs"
        ]
      },
      "locked": {
        "lastModified": 1668792917,
        "narHash": "sha256-jLYxy20zaoGHLB43trcWgCHDJKUux029unUpzaB1P74=",
        "owner": "AnotherGroupChat",
        "repo": "grub2-themes-png",
        "rev": "7e8a1ea75881090ebf2576d9db9ab243c4d6f783",
        "type": "github"
      },
      "original": {
        "owner": "AnotherGroupChat",
        "repo": "grub2-themes-png",
        "type": "github"
      }
    },
    "home-manager": {
      "inputs": {
        "nixpkgs": [
          "nixpkgs"
        ]
      },
      "locked": {
        "lastModified": 1689495092,
        "narHash": "sha256-yZu2j5FpLZEPhJQQutMCPTxa1VMigLPabLYvLTq6ASM=",
        "owner": "nix-community",
        "repo": "home-manager",
        "rev": "2f84579a70b8c74e5ebb37299a0c3ba279f09382",
        "type": "github"
      },
      "original": {
        "owner": "nix-community",
        "repo": "home-manager",
        "type": "github"
      }
    },
    "hyprland": {
      "inputs": {
        "hyprland-protocols": "hyprland-protocols",
        "nixpkgs": [
          "nixpkgs"
        ],
        "wlroots": "wlroots",
        "xdph": "xdph"
      },
      "locked": {
        "lastModified": 1685380658,
        "narHash": "sha256-LPih0Q//p8IurXG9kGRVGAqV4AUKVYj9xkk3sYYAj6I=",
        "owner": "vaxerski",
        "repo": "Hyprland",
        "rev": "51a930f802c71a0e67f05e7b176ded74e8e95f87",
        "type": "github"
      },
      "original": {
        "owner": "vaxerski",
        "ref": "v0.26.0",
        "repo": "Hyprland",
        "type": "github"
      }
    },
    "hyprland-protocols": {
      "inputs": {
        "nixpkgs": [
          "hyprland",
          "nixpkgs"
        ]
      },
      "locked": {
        "lastModified": 1681065697,
        "narHash": "sha256-QPzwwlGKX95tl6ZEshboZbEwwAXww6lNLdVYd6T9Mrc=",
        "owner": "hyprwm",
        "repo": "hyprland-protocols",
        "rev": "4d29e48433270a2af06b8bc711ca1fe5109746cd",
        "type": "github"
      },
      "original": {
        "owner": "hyprwm",
        "repo": "hyprland-protocols",
        "type": "github"
      }
    },
    "nixos-hardware": {
      "locked": {
        "lastModified": 1689320556,
        "narHash": "sha256-vODUkZLWFVCvo1KPK3dC2CbXjxa9antEn5ozwlcTr48=",
        "owner": "NixOS",
        "repo": "nixos-hardware",
        "rev": "d4ea64f2063820120c05f6ba93ee02e6d4671d6b",
        "type": "github"
      },
      "original": {
        "owner": "NixOS",
        "ref": "master",
        "repo": "nixos-hardware",
        "type": "github"
      }
    },
    "nixos-wsl": {
      "inputs": {
        "flake-compat": "flake-compat",
        "flake-utils": [
          "flake-utils"
        ],
        "nixpkgs": [
          "nixpkgs"
        ]
      },
      "locked": {
        "lastModified": 1689163449,
        "narHash": "sha256-C/cm0fRoNGx00lDOieW5439jpBH9VRWRJcAOXUFy+zs=",
        "owner": "nix-community",
        "repo": "NixOS-WSL",
        "rev": "20a1f182aed3d2bbc72f62f5814fc3dd34a1cf0c",
        "type": "github"
      },
      "original": {
        "owner": "nix-community",
        "repo": "NixOS-WSL",
        "type": "github"
      }
    },
    "nixpkgs": {
      "locked": {
        "lastModified": 1689534811,
        "narHash": "sha256-jnSUdzD/414d94plCyNlvTJJtiTogTep6t7ZgIKIHiE=",
        "owner": "nixos",
        "repo": "nixpkgs",
        "rev": "6cee3b5893090b0f5f0a06b4cf42ca4e60e5d222",
        "type": "github"
      },
      "original": {
        "owner": "nixos",
        "repo": "nixpkgs",
        "rev": "6cee3b5893090b0f5f0a06b4cf42ca4e60e5d222",
        "type": "github"
      }
    },
    "root": {
      "inputs": {
        "declarative-cachix": "declarative-cachix",
        "flake-utils": "flake-utils",
        "grub2-themes": "grub2-themes",
        "home-manager": "home-manager",
        "hyprland": "hyprland",
        "nixos-hardware": "nixos-hardware",
        "nixos-wsl": "nixos-wsl",
        "nixpkgs": "nixpkgs",
        "spicetify-nix": "spicetify-nix"
      }
    },
    "spicetify-nix": {
      "inputs": {
        "flake-utils": [
          "flake-utils"
        ],
        "nixpkgs": [
          "nixpkgs"
        ]
      },
      "locked": {
        "lastModified": 1686173678,
        "narHash": "sha256-aYzl34xb3u9I57sqkvSldQKltCnxhjvvLABjgFRxOVE=",
        "owner": "the-argus",
        "repo": "spicetify-nix",
        "rev": "f024752b691ac2dcb2ad378d72a2e3084ce83b79",
        "type": "github"
      },
      "original": {
        "owner": "the-argus",
        "repo": "spicetify-nix",
        "type": "github"
      }
    },
    "systems": {
      "locked": {
        "lastModified": 1681028828,
        "narHash": "sha256-Vy1rq5AaRuLzOxct8nz4T6wlgyUR7zLU309k9mBC768=",
        "owner": "nix-systems",
        "repo": "default",
        "rev": "da67096a3b9bf56a91d16901293e51ba5b49a27e",
        "type": "github"
      },
      "original": {
        "owner": "nix-systems",
        "repo": "default",
        "type": "github"
      }
    },
    "wlroots": {
      "flake": false,
      "locked": {
        "host": "gitlab.freedesktop.org",
        "lastModified": 1682436395,
        "narHash": "sha256-GGEjkQO9m7YLYIXIXM76HWdhjg4Ye+oafOtyaFAYKI4=",
        "owner": "wlroots",
        "repo": "wlroots",
        "rev": "6830bfc17fd94709e2cdd4da0af989f102a26e59",
        "type": "gitlab"
      },
      "original": {
        "host": "gitlab.freedesktop.org",
        "owner": "wlroots",
        "repo": "wlroots",
        "type": "gitlab"
      }
    },
    "xdph": {
      "inputs": {
        "hyprland-protocols": [
          "hyprland",
          "hyprland-protocols"
        ],
        "nixpkgs": [
          "hyprland",
          "nixpkgs"
        ]
      },
      "locked": {
        "lastModified": 1682439384,
        "narHash": "sha256-zHDa8LCZs05TZHQSIZ3ucwyMPglBGHcqTBzfkLjYXTM=",
        "owner": "hyprwm",
        "repo": "xdg-desktop-portal-hyprland",
        "rev": "c0e233955568fbea4e859336f6d3d14d51294d7c",
        "type": "github"
      },
      "original": {
        "owner": "hyprwm",
        "repo": "xdg-desktop-portal-hyprland",
        "type": "github"
      }
    }
  },
  "root": "root",
  "version": 7
}