{
  "nodes": {
    "grub2-themes": {
      "inputs": {
        "nixpkgs": "nixpkgs"
      },
      "locked": {
        "lastModified": 1644869197,
        "narHash": "sha256-h+Uv4JLMAhQui+OyVc1pwLxn/LHwcxRvXvtjP6B+gEA=",
        "type": "git",
        "url": "file:///home/dylan/src/grub2-themes?c=29"
      },
      "original": {
        "type": "git",
        "url": "file:///home/dylan/src/grub2-themes?c=29"
      }
    },
    "home-manager": {
      "inputs": {
        "nixpkgs": [
          "nixpkgs"
        ]
      },
      "locked": {
        "lastModified": 1644706973,
        "narHash": "sha256-xOyxrhc5V79u0ZNmnPmJbY3ngtp43dNISEmrb8Ie6wQ=",
        "owner": "nix-community",
        "repo": "home-manager",
        "rev": "7c2ae0bdd20ddcaafe41ef669226a1df67f8aa06",
        "type": "github"
      },
      "original": {
        "owner": "nix-community",
        "repo": "home-manager",
        "type": "github"
      }
    },
    "nixos-hardware": {
      "locked": {
        "lastModified": 1644870092,
        "narHash": "sha256-RLPD92lqXW98LDIbbwYqwAbt3R4iD1V1PiylfgBq5cU=",
        "owner": "NixOS",
        "repo": "nixos-hardware",
        "rev": "10eab1c4cd8e715c0b41d32c28af2b89fc67bed0",
        "type": "github"
      },
      "original": {
        "owner": "NixOS",
        "ref": "master",
        "repo": "nixos-hardware",
        "type": "github"
      }
    },
    "nixpkgs": {
      "locked": {
        "lastModified": 1644865686,
        "narHash": "sha256-in58Kggpev74vu7reOqYZ8HddGQfWdLT2B1zd4rxLdE=",
        "owner": "NixOS",
        "repo": "nixpkgs",
        "rev": "c8fce94f429a8638c8147ccef07cf89f15c8e29a",
        "type": "github"
      },
      "original": {
        "owner": "NixOS",
        "ref": "master",
        "repo": "nixpkgs",
        "type": "github"
      }
    },
    "nixpkgs_2": {
      "locked": {
        "lastModified": 1644486793,
        "narHash": "sha256-EeijR4guVHgVv+JpOX3cQO+1XdrkJfGmiJ9XVsVU530=",
        "owner": "nixos",
        "repo": "nixpkgs",
        "rev": "1882c6b7368fd284ad01b0a5b5601ef136321292",
        "type": "github"
      },
      "original": {
        "owner": "nixos",
        "repo": "nixpkgs",
        "rev": "1882c6b7368fd284ad01b0a5b5601ef136321292",
        "type": "github"
      }
    },
    "root": {
      "inputs": {
        "grub2-themes": "grub2-themes",
        "home-manager": "home-manager",
        "nixos-hardware": "nixos-hardware",
        "nixpkgs": "nixpkgs_2",
        "sensitive": "sensitive"
      }
    },
    "sensitive": {
      "locked": {
        "lastModified": 1644445633,
        "narHash": "sha256-2jxsPJnHlwVO4l05ubtk2JItsC4j9LPj20J2EKNvpVw=",
        "type": "git",
        "url": "file:///home/dylan/.dots/nix/sensitive?cache-bust=2"
      },
      "original": {
        "type": "git",
        "url": "file:///home/dylan/.dots/nix/sensitive?cache-bust=2"
      }
    }
  },
  "root": "root",
  "version": 7
}
